
Microsoft Visual Studio Solution File, Format Version 12.00
Project("{FAE04EC0-301F-11D3-BF4B-00C04F79EFBC}") = "Mission08_Team0311", "Mission08_Team0311\Mission08_Team0311.csproj", "{8AA5D90A-39C0-4C77-8E06-0F4BE845EBBC}"
EndProject
Global
	GlobalSection(SolutionConfigurationPlatforms) = preSolution
		Debug|Any CPU = Debug|Any CPU
		Release|Any CPU = Release|Any CPU
	EndGlobalSection
	GlobalSection(ProjectConfigurationPlatforms) = postSolution
		{8AA5D90A-39C0-4C77-8E06-0F4BE845EBBC}.Debug|Any CPU.ActiveCfg = Debug|Any CPU
		{8AA5D90A-39C0-4C77-8E06-0F4BE845EBBC}.Debug|Any CPU.Build.0 = Debug|Any CPU
		{8AA5D90A-39C0-4C77-8E06-0F4BE845EBBC}.Release|Any CPU.ActiveCfg = Release|Any CPU
		{8AA5D90A-39C0-4C77-8E06-0F4BE845EBBC}.Release|Any CPU.Build.0 = Release|Any CPU
	EndGlobalSection
EndGlobal
